schema: '2.0'
stages:
  ingest:
    cmd: python -m pipeline.ingestion.run
    deps:
    - path: data/raw
      hash: md5
      md5: 2f5e7b3ea1e4a172c560d654bb305618.dir
      size: 229767226
      nfiles: 41
    - path: pipeline/ingestion/run.py
      hash: md5
      md5: 2dce5993e452438d7880f2e08052ac82
      size: 7223
    outs:
    - path: data/processed/events.parquet
      hash: md5
      md5: 72487d22fa8776853b2af4a2151bb757
      size: 12926513
    - path: data/processed/sessions.parquet
      hash: md5
      md5: dc89dcf1a6653c16a184a864ee66c824
      size: 10958
  features:
    cmd: python -m pipeline.features.run
    deps:
    - path: data/processed/events.parquet
      hash: md5
      md5: 72487d22fa8776853b2af4a2151bb757
      size: 12926513
    - path: data/processed/sessions.parquet
      hash: md5
      md5: dc89dcf1a6653c16a184a864ee66c824
      size: 10958
    - path: pipeline/constants.py
      hash: md5
      md5: d60a9a24f5eaf33fc9146c1bb02b6efd
      size: 1339
    - path: pipeline/features/run.py
      hash: md5
      md5: a5f2a4e3bb4527c39de6e67513e67798
      size: 26597
    outs:
    - path: data/processed/features.parquet
      hash: md5
      md5: a305d29b673528064b9ff55aebc01462
      size: 83942
  split:
    cmd: python -m pipeline.features.split
    deps:
    - path: configs/training.yaml
      hash: md5
      md5: 01c4547fce4fb4501a26d4f2ca536b1f
      size: 1157
    - path: data/processed/features.parquet
      hash: md5
      md5: a305d29b673528064b9ff55aebc01462
      size: 83942
    - path: pipeline/features/split.py
      hash: md5
      md5: 29ab5aefc18886415575f039e537cc90
      size: 6871
    outs:
    - path: data/splits/test.parquet
      hash: md5
      md5: 2b762993bc4d38a66823f77d9e0f44d0
      size: 35068
    - path: data/splits/train.parquet
      hash: md5
      md5: b4dc40436c0e1db2f548278f7fff19a0
      size: 63149
    - path: data/splits/val.parquet
      hash: md5
      md5: cfbde0125e108e2185d7d4c6b59c8c91
      size: 35683
  train:
    cmd: python -m pipeline.training.run
    deps:
    - path: configs/training.yaml
      hash: md5
      md5: 01c4547fce4fb4501a26d4f2ca536b1f
      size: 1157
    - path: data/splits/train.parquet
      hash: md5
      md5: b4dc40436c0e1db2f548278f7fff19a0
      size: 63149
    - path: data/splits/val.parquet
      hash: md5
      md5: cfbde0125e108e2185d7d4c6b59c8c91
      size: 35683
    - path: pipeline/constants.py
      hash: md5
      md5: d60a9a24f5eaf33fc9146c1bb02b6efd
      size: 1339
    - path: pipeline/features/run.py
      hash: md5
      md5: a5f2a4e3bb4527c39de6e67513e67798
      size: 26597
    - path: pipeline/onnx_export.py
      hash: md5
      md5: 9e3bafcb316104c8d79eb6df04f52fa0
      size: 10586
    - path: pipeline/training/run.py
      hash: md5
      md5: b3684458a99782a3ae36f736a1392dfb
      size: 29262
    outs:
    - path: models/model.onnx
      hash: md5
      md5: 304e1d49fbb6f247267c14bd72e3fb93
      size: 815051
    - path: models/model.pkl
      hash: md5
      md5: 86588e815c7b565ed6e4debf2f2c1860
      size: 1447474
    - path: reports/train_metrics.json
      hash: md5
      md5: 408ddc413ccc8797b9bb6c98c64d44ec
      size: 179
  evaluate:
    cmd: python -m pipeline.evaluation.run
    deps:
    - path: configs/training.yaml
      hash: md5
      md5: 01c4547fce4fb4501a26d4f2ca536b1f
      size: 1157
    - path: data/splits/test.parquet
      hash: md5
      md5: 2b762993bc4d38a66823f77d9e0f44d0
      size: 35068
    - path: models/model.pkl
      hash: md5
      md5: 86588e815c7b565ed6e4debf2f2c1860
      size: 1447474
    - path: pipeline/constants.py
      hash: md5
      md5: d60a9a24f5eaf33fc9146c1bb02b6efd
      size: 1339
    - path: pipeline/evaluation/run.py
      hash: md5
      md5: ef9431c184e2b4241f22a714922ff0b3
      size: 8592
    - path: pipeline/features/run.py
      hash: md5
      md5: a5f2a4e3bb4527c39de6e67513e67798
      size: 26597
    outs:
    - path: reports/confusion_matrix.csv
      hash: md5
      md5: 4cbde2d2c50604691f83212fff9629de
      size: 103
    - path: reports/eval_metrics.json
      hash: md5
      md5: 48f4af9e126db7865bacdb6a408ddab9
      size: 430
