schema: '2.0'
stages:
  ingest:
    cmd: python -m pipeline.ingestion.run
    deps:
    - path: data/raw
      hash: md5
      md5: 80abcad66252693bc04c031003c8c1c9.dir
      size: 135934284
      nfiles: 35
    - path: pipeline/ingestion/run.py
      hash: md5
      md5: 99a5065acea4eef3bf68c9385d054d8e
      size: 6474
    outs:
    - path: data/processed/sessions.parquet
      hash: md5
      md5: d348c804b041d0364df5aedae880f3fa
      size: 10188
  features:
    cmd: python -m pipeline.features.run
    deps:
    - path: data/processed/events.parquet
      hash: md5
      md5: 2c8c44a5d00bfa1261e6571291749502
      size: 10451825
    - path: data/processed/sessions.parquet
      hash: md5
      md5: d348c804b041d0364df5aedae880f3fa
      size: 10188
    - path: pipeline/features/run.py
      hash: md5
      md5: 433ced861e6756a03a5243245f75ef04
      size: 18927
    outs:
    - path: data/processed/features.parquet
      hash: md5
      md5: 58a86f7d55027e15450cdd28e0de4d48
      size: 60627
  split:
    cmd: python -m pipeline.features.split
    deps:
    - path: configs/training.yaml
      hash: md5
      md5: 01c4547fce4fb4501a26d4f2ca536b1f
      size: 1157
    - path: data/processed/features.parquet
      hash: md5
      md5: 58a86f7d55027e15450cdd28e0de4d48
      size: 60627
    - path: pipeline/features/split.py
      hash: md5
      md5: bf9e0395b73c200c42a9933490f1acce
      size: 6089
    outs:
    - path: data/splits/test.parquet
      hash: md5
      md5: ba7e87cd95536caea14e45cbcd1e397e
      size: 26743
    - path: data/splits/train.parquet
      hash: md5
      md5: 974d627414de19742945af299eb6ec52
      size: 48214
    - path: data/splits/val.parquet
      hash: md5
      md5: 3806f250adbbecdccb29cc8c6ce78ee2
      size: 28170
  train:
    cmd: python -m pipeline.training.run
    deps:
    - path: configs/training.yaml
      hash: md5
      md5: 01c4547fce4fb4501a26d4f2ca536b1f
      size: 1157
    - path: data/splits/train.parquet
      hash: md5
      md5: 974d627414de19742945af299eb6ec52
      size: 48214
    - path: data/splits/val.parquet
      hash: md5
      md5: 3806f250adbbecdccb29cc8c6ce78ee2
      size: 28170
    - path: pipeline/training/run.py
      hash: md5
      md5: 08dba388223a9a7ba4575a0bb75829b2
      size: 25503
    outs:
    - path: models/model.onnx
      hash: md5
      md5: 51e6ac55f15c599ee05297b7addcc788
      size: 546529
    - path: models/model.pkl
      hash: md5
      md5: 993fadc9800506cd56f6f3a63157408f
      size: 979137
    - path: reports/train_metrics.json
      hash: md5
      md5: 53d1248bb85bddb3718454d108de67d7
      size: 179
  evaluate:
    cmd: python -m pipeline.evaluation.run
    deps:
    - path: configs/training.yaml
      hash: md5
      md5: 01c4547fce4fb4501a26d4f2ca536b1f
      size: 1157
    - path: data/splits/test.parquet
      hash: md5
      md5: ba7e87cd95536caea14e45cbcd1e397e
      size: 26743
    - path: models/model.pkl
      hash: md5
      md5: 993fadc9800506cd56f6f3a63157408f
      size: 979137
    - path: pipeline/evaluation/run.py
      hash: md5
      md5: 02c3a943470cfdc4a7f549bc9504a126
      size: 6947
    outs:
    - path: reports/confusion_matrix.csv
      hash: md5
      md5: 8a3fd2adeba2e213a72c7fa7f2bb700c
      size: 77
    - path: reports/eval_metrics.json
      hash: md5
      md5: 52db1d70da11a98b8bc902cfddcfa17d
      size: 253
