schema: '2.0'
stages:
  ingest:
    cmd: python -m pipeline.ingestion.run
    deps:
    - path: data/raw
      hash: md5
      md5: 3ce1773ef3c1cf56a337e8c6c48d9b59.dir
      size: 206648196
      nfiles: 37
    - path: pipeline/ingestion/run.py
      hash: md5
      md5: 2dce5993e452438d7880f2e08052ac82
      size: 7223
    outs:
    - path: data/processed/events.parquet
      hash: md5
      md5: 2c8c44a5d00bfa1261e6571291749502
      size: 10451825
    - path: data/processed/sessions.parquet
      hash: md5
      md5: 43f973fd02fa5ab11be144b8f7e94c17
      size: 10711
  features:
    cmd: python -m pipeline.features.run
    deps:
    - path: data/processed/events.parquet
      hash: md5
      md5: 2c8c44a5d00bfa1261e6571291749502
      size: 10451825
    - path: data/processed/sessions.parquet
      hash: md5
      md5: 43f973fd02fa5ab11be144b8f7e94c17
      size: 10711
    - path: pipeline/features/run.py
      hash: md5
      md5: 62d1817a86b73a6bbf5641627c8f2ceb
      size: 24079
    outs:
    - path: data/processed/features.parquet
      hash: md5
      md5: 5418397aa8630e48e0edabf65e3aa3ec
      size: 71469
  split:
    cmd: python -m pipeline.features.split
    deps:
    - path: configs/training.yaml
      hash: md5
      md5: 01c4547fce4fb4501a26d4f2ca536b1f
      size: 1157
    - path: data/processed/features.parquet
      hash: md5
      md5: 5418397aa8630e48e0edabf65e3aa3ec
      size: 71469
    - path: pipeline/features/split.py
      hash: md5
      md5: 29ab5aefc18886415575f039e537cc90
      size: 6871
    outs:
    - path: data/splits/test.parquet
      hash: md5
      md5: 65715a1237b35c385ca5bb0079aa7b06
      size: 31563
    - path: data/splits/train.parquet
      hash: md5
      md5: 524ffd11390a3c120c20dd695583106e
      size: 56859
    - path: data/splits/val.parquet
      hash: md5
      md5: 5426e43378225e79b4d8968f898e01d7
      size: 33219
  train:
    cmd: python -m pipeline.training.run
    deps:
    - path: configs/training.yaml
      hash: md5
      md5: 01c4547fce4fb4501a26d4f2ca536b1f
      size: 1157
    - path: data/splits/train.parquet
      hash: md5
      md5: 524ffd11390a3c120c20dd695583106e
      size: 56859
    - path: data/splits/val.parquet
      hash: md5
      md5: 5426e43378225e79b4d8968f898e01d7
      size: 33219
    - path: pipeline/training/run.py
      hash: md5
      md5: 3a0ffad7492cdcdff773eec80abc6781
      size: 27510
    outs:
    - path: models/model.onnx
      hash: md5
      md5: 13abb2090d3c5e9ab39da26d33c251cc
      size: 540912
    - path: models/model.pkl
      hash: md5
      md5: 993fadc9800506cd56f6f3a63157408f
      size: 979137
    - path: reports/train_metrics.json
      hash: md5
      md5: 53d1248bb85bddb3718454d108de67d7
      size: 179
  evaluate:
    cmd: python -m pipeline.evaluation.run
    deps:
    - path: configs/training.yaml
      hash: md5
      md5: 01c4547fce4fb4501a26d4f2ca536b1f
      size: 1157
    - path: data/splits/test.parquet
      hash: md5
      md5: 65715a1237b35c385ca5bb0079aa7b06
      size: 31563
    - path: models/model.pkl
      hash: md5
      md5: 993fadc9800506cd56f6f3a63157408f
      size: 979137
    - path: pipeline/evaluation/run.py
      hash: md5
      md5: ef9431c184e2b4241f22a714922ff0b3
      size: 8592
    outs:
    - path: reports/confusion_matrix.csv
      hash: md5
      md5: 8a3fd2adeba2e213a72c7fa7f2bb700c
      size: 77
    - path: reports/eval_metrics.json
      hash: md5
      md5: 2cfe6d5a66d17e4a55f2757244e35cab
      size: 430
